
Microsoft Visual Studio Solution File, Format Version 12.00
# Visual Studio Version 16
VisualStudioVersion = 16.0.32901.82
MinimumVisualStudioVersion = 10.0.40219.1
Project("{FAE04EC0-301F-11D3-BF4B-00C04F79EFBC}") = "SecurityDemo", "SecurityDemo\SecurityDemo.csproj", "{554E9C53-5B83-43DA-BBD4-E7FF78F15D0F}"
EndProject
Global
	GlobalSection(SolutionConfigurationPlatforms) = preSolution
		Debug|Any CPU = Debug|Any CPU
		Release|Any CPU = Release|Any CPU
	EndGlobalSection
	GlobalSection(ProjectConfigurationPlatforms) = postSolution
		{554E9C53-5B83-43DA-BBD4-E7FF78F15D0F}.Debug|Any CPU.ActiveCfg = Debug|Any CPU
		{554E9C53-5B83-43DA-BBD4-E7FF78F15D0F}.Debug|Any CPU.Build.0 = Debug|Any CPU
		{554E9C53-5B83-43DA-BBD4-E7FF78F15D0F}.Release|Any CPU.ActiveCfg = Release|Any CPU
		{554E9C53-5B83-43DA-BBD4-E7FF78F15D0F}.Release|Any CPU.Build.0 = Release|Any CPU
	EndGlobalSection
	GlobalSection(SolutionProperties) = preSolution
		HideSolutionNode = FALSE
	EndGlobalSection
	GlobalSection(ExtensibilityGlobals) = postSolution
		SolutionGuid = {D266906C-AFA1-48EE-B3F4-8549DE71DA36}
	EndGlobalSection
EndGlobal
