
Microsoft Visual Studio Solution File, Format Version 12.00
# Visual Studio Version 16
VisualStudioVersion = 16.0.32901.82
MinimumVisualStudioVersion = 10.0.40219.1
Project("{FAE04EC0-301F-11D3-BF4B-00C04F79EFBC}") = "LeaveManagement_codef", "LeaveManagement_codef\LeaveManagement_codef.csproj", "{C0524E5F-D13F-4F88-AB9B-61F16CA82F5D}"
EndProject
Global
	GlobalSection(SolutionConfigurationPlatforms) = preSolution
		Debug|Any CPU = Debug|Any CPU
		Release|Any CPU = Release|Any CPU
	EndGlobalSection
	GlobalSection(ProjectConfigurationPlatforms) = postSolution
		{C0524E5F-D13F-4F88-AB9B-61F16CA82F5D}.Debug|Any CPU.ActiveCfg = Debug|Any CPU
		{C0524E5F-D13F-4F88-AB9B-61F16CA82F5D}.Debug|Any CPU.Build.0 = Debug|Any CPU
		{C0524E5F-D13F-4F88-AB9B-61F16CA82F5D}.Release|Any CPU.ActiveCfg = Release|Any CPU
		{C0524E5F-D13F-4F88-AB9B-61F16CA82F5D}.Release|Any CPU.Build.0 = Release|Any CPU
	EndGlobalSection
	GlobalSection(SolutionProperties) = preSolution
		HideSolutionNode = FALSE
	EndGlobalSection
	GlobalSection(ExtensibilityGlobals) = postSolution
		SolutionGuid = {59A6E424-3BB9-4E30-A149-C5899D57E7DE}
	EndGlobalSection
EndGlobal
