
Microsoft Visual Studio Solution File, Format Version 12.00
# Visual Studio Version 16
VisualStudioVersion = 16.0.32901.82
MinimumVisualStudioVersion = 10.0.40219.1
Project("{FAE04EC0-301F-11D3-BF4B-00C04F79EFBC}") = "Assignment-V01", "Assignment-V01\Assignment-V01.csproj", "{768AB24B-AF83-4BCB-88CF-5A42DC51A867}"
EndProject
Global
	GlobalSection(SolutionConfigurationPlatforms) = preSolution
		Debug|Any CPU = Debug|Any CPU
		Release|Any CPU = Release|Any CPU
	EndGlobalSection
	GlobalSection(ProjectConfigurationPlatforms) = postSolution
		{768AB24B-AF83-4BCB-88CF-5A42DC51A867}.Debug|Any CPU.ActiveCfg = Debug|Any CPU
		{768AB24B-AF83-4BCB-88CF-5A42DC51A867}.Debug|Any CPU.Build.0 = Debug|Any CPU
		{768AB24B-AF83-4BCB-88CF-5A42DC51A867}.Release|Any CPU.ActiveCfg = Release|Any CPU
		{768AB24B-AF83-4BCB-88CF-5A42DC51A867}.Release|Any CPU.Build.0 = Release|Any CPU
	EndGlobalSection
	GlobalSection(SolutionProperties) = preSolution
		HideSolutionNode = FALSE
	EndGlobalSection
	GlobalSection(ExtensibilityGlobals) = postSolution
		SolutionGuid = {3FE12518-7F2F-4132-8C61-1DDFDB4676BD}
	EndGlobalSection
EndGlobal
